// !$*UTF8*$!
{
	archiveVersion = 1;
	classes = {
	};
	objectVersion = 55;
	objects = {

/* Begin PBXBuildFile section */
		9A710A5728D33CF900D36F02 /* AppDelegate.swift in Sources */ = {isa = PBXBuildFile; fileRef = 9A710A5628D33CF900D36F02 /* AppDelegate.swift */; };
		9A710A5928D33CF900D36F02 /* SceneDelegate.swift in Sources */ = {isa = PBXBuildFile; fileRef = 9A710A5828D33CF900D36F02 /* SceneDelegate.swift */; };
		9A710A5B28D33CF900D36F02 /* ViewController.swift in Sources */ = {isa = PBXBuildFile; fileRef = 9A710A5A28D33CF900D36F02 /* ViewController.swift */; };
		9A710A5E28D33CF900D36F02 /* Main.storyboard in Resources */ = {isa = PBXBuildFile; fileRef = 9A710A5C28D33CF900D36F02 /* Main.storyboard */; };
		9A710A6128D33CF900D36F02 /* DemoApp.xcdatamodeld in Sources */ = {isa = PBXBuildFile; fileRef = 9A710A5F28D33CF900D36F02 /* DemoApp.xcdatamodeld */; };
		9A710A6328D33CFB00D36F02 /* Assets.xcassets in Resources */ = {isa = PBXBuildFile; fileRef = 9A710A6228D33CFB00D36F02 /* Assets.xcassets */; };
		9A710A6628D33CFB00D36F02 /* LaunchScreen.storyboard in Resources */ = {isa = PBXBuildFile; fileRef = 9A710A6428D33CFB00D36F02 /* LaunchScreen.storyboard */; };
		9A710A7128D33CFB00D36F02 /* DemoAppTests.swift in Sources */ = {isa = PBXBuildFile; fileRef = 9A710A7028D33CFB00D36F02 /* DemoAppTests.swift */; };
		9A710A7B28D33CFB00D36F02 /* DemoAppUITests.swift in Sources */ = {isa = PBXBuildFile; fileRef = 9A710A7A28D33CFB00D36F02 /* DemoAppUITests.swift */; };
		9A710A7D28D33CFB00D36F02 /* DemoAppUITestsLaunchTests.swift in Sources */ = {isa = PBXBuildFile; fileRef = 9A710A7C28D33CFB00D36F02 /* DemoAppUITestsLaunchTests.swift */; };
/* End PBXBuildFile section */

/* Begin PBXContainerItemProxy section */
		9A710A6D28D33CFB00D36F02 /* PBXContainerItemProxy */ = {
			isa = PBXContainerItemProxy;
			containerPortal = 9A710A4B28D33CF900D36F02 /* Project object */;
			proxyType = 1;
			remoteGlobalIDString = 9A710A5228D33CF900D36F02;
			remoteInfo = DemoApp;
		};
		9A710A7728D33CFB00D36F02 /* PBXContainerItemProxy */ = {
			isa = PBXContainerItemProxy;
			containerPortal = 9A710A4B28D33CF900D36F02 /* Project object */;
			proxyType = 1;
			remoteGlobalIDString = 9A710A5228D33CF900D36F02;
			remoteInfo = DemoApp;
		};
/* End PBXContainerItemProxy section */

/* Begin PBXFileReference section */
		9A710A5328D33CF900D36F02 /* DemoApp.app */ = {isa = PBXFileReference; explicitFileType = wrapper.application; includeInIndex = 0; path = DemoApp.app; sourceTree = BUILT_PRODUCTS_DIR; };
		9A710A5628D33CF900D36F02 /* AppDelegate.swift */ = {isa = PBXFileReference; lastKnownFileType = sourcecode.swift; path = AppDelegate.swift; sourceTree = "<group>"; };
		9A710A5828D33CF900D36F02 /* SceneDelegate.swift */ = {isa = PBXFileReference; lastKnownFileType = sourcecode.swift; path = SceneDelegate.swift; sourceTree = "<group>"; };
		9A710A5A28D33CF900D36F02 /* ViewController.swift */ = {isa = PBXFileReference; lastKnownFileType = sourcecode.swift; path = ViewController.swift; sourceTree = "<group>"; };
		9A710A5D28D33CF900D36F02 /* Base */ = {isa = PBXFileReference; lastKnownFileType = file.storyboard; name = Base; path = Base.lproj/Main.storyboard; sourceTree = "<group>"; };
		9A710A6028D33CF900D36F02 /* DemoApp.xcdatamodel */ = {isa = PBXFileReference; lastKnownFileType = wrapper.xcdatamodel; path = DemoApp.xcdatamodel; sourceTree = "<group>"; };
		9A710A6228D33CFB00D36F02 /* Assets.xcassets */ = {isa = PBXFileReference; lastKnownFileType = folder.assetcatalog; path = Assets.xcassets; sourceTree = "<group>"; };
		9A710A6528D33CFB00D36F02 /* Base */ = {isa = PBXFileReference; lastKnownFileType = file.storyboard; name = Base; path = Base.lproj/LaunchScreen.storyboard; sourceTree = "<group>"; };
		9A710A6728D33CFB00D36F02 /* Info.plist */ = {isa = PBXFileReference; lastKnownFileType = text.plist.xml; path = Info.plist; sourceTree = "<group>"; };
		9A710A6C28D33CFB00D36F02 /* DemoAppTests.xctest */ = {isa = PBXFileReference; explicitFileType = wrapper.cfbundle; includeInIndex = 0; path = DemoAppTests.xctest; sourceTree = BUILT_PRODUCTS_DIR; };
		9A710A7028D33CFB00D36F02 /* DemoAppTests.swift */ = {isa = PBXFileReference; lastKnownFileType = sourcecode.swift; path = DemoAppTests.swift; sourceTree = "<group>"; };
		9A710A7628D33CFB00D36F02 /* DemoAppUITests.xctest */ = {isa = PBXFileReference; explicitFileType = wrapper.cfbundle; includeInIndex = 0; path = DemoAppUITests.xctest; sourceTree = BUILT_PRODUCTS_DIR; };
		9A710A7A28D33CFB00D36F02 /* DemoAppUITests.swift */ = {isa = PBXFileReference; lastKnownFileType = sourcecode.swift; path = DemoAppUITests.swift; sourceTree = "<group>"; };
		9A710A7C28D33CFB00D36F02 /* DemoAppUITestsLaunchTests.swift */ = {isa = PBXFileReference; lastKnownFileType = sourcecode.swift; path = DemoAppUITestsLaunchTests.swift; sourceTree = "<group>"; };
/* End PBXFileReference section */

/* Begin PBXFrameworksBuildPhase section */
		9A710A5028D33CF900D36F02 /* Frameworks */ = {
			isa = PBXFrameworksBuildPhase;
			buildActionMask = 2147483647;
			files = (
			);
			runOnlyForDeploymentPostprocessing = 0;
		};
		9A710A6928D33CFB00D36F02 /* Frameworks */ = {
			isa = PBXFrameworksBuildPhase;
			buildActionMask = 2147483647;
			files = (
			);
			runOnlyForDeploymentPostprocessing = 0;
		};
		9A710A7328D33CFB00D36F02 /* Frameworks */ = {
			isa = PBXFrameworksBuildPhase;
			buildActionMask = 2147483647;
			files = (
			);
			runOnlyForDeploymentPostprocessing = 0;
		};
/* End PBXFrameworksBuildPhase section */

/* Begin PBXGroup section */
		9A710A4A28D33CF900D36F02 = {
			isa = PBXGroup;
			children = (
				9A710A5528D33CF900D36F02 /* DemoApp */,
				9A710A6F28D33CFB00D36F02 /* DemoAppTests */,
				9A710A7928D33CFB00D36F02 /* DemoAppUITests */,
				9A710A5428D33CF900D36F02 /* Products */,
			);
			sourceTree = "<group>";
		};
		9A710A5428D33CF900D36F02 /* Products */ = {
			isa = PBXGroup;
			children = (
				9A710A5328D33CF900D36F02 /* DemoApp.app */,
				9A710A6C28D33CFB00D36F02 /* DemoAppTests.xctest */,
				9A710A7628D33CFB00D36F02 /* DemoAppUITests.xctest */,
			);
			name = Products;
			sourceTree = "<group>";
		};
		9A710A5528D33CF900D36F02 /* DemoApp */ = {
			isa = PBXGroup;
			children = (
				9A710A5628D33CF900D36F02 /* AppDelegate.swift */,
				9A710A5828D33CF900D36F02 /* SceneDelegate.swift */,
				9A710A5A28D33CF900D36F02 /* ViewController.swift */,
				9A710A5C28D33CF900D36F02 /* Main.storyboard */,
				9A710A6228D33CFB00D36F02 /* Assets.xcassets */,
				9A710A6428D33CFB00D36F02 /* LaunchScreen.storyboard */,
				9A710A6728D33CFB00D36F02 /* Info.plist */,
				9A710A5F28D33CF900D36F02 /* DemoApp.xcdatamodeld */,
			);
			path = DemoApp;
			sourceTree = "<group>";
		};
		9A710A6F28D33CFB00D36F02 /* DemoAppTests */ = {
			isa = PBXGroup;
			children = (
				9A710A7028D33CFB00D36F02 /* DemoAppTests.swift */,
			);
			path = DemoAppTests;
			sourceTree = "<group>";
		};
		9A710A7928D33CFB00D36F02 /* DemoAppUITests */ = {
			isa = PBXGroup;
			children = (
				9A710A7A28D33CFB00D36F02 /* DemoAppUITests.swift */,
				9A710A7C28D33CFB00D36F02 /* DemoAppUITestsLaunchTests.swift */,
			);
			path = DemoAppUITests;
			sourceTree = "<group>";
		};
/* End PBXGroup section */

/* Begin PBXNativeTarget section */
		9A710A5228D33CF900D36F02 /* DemoApp */ = {
			isa = PBXNativeTarget;
			buildConfigurationList = 9A710A8028D33CFB00D36F02 /* Build configuration list for PBXNativeTarget "DemoApp" */;
			buildPhases = (
				9A710A4F28D33CF900D36F02 /* Sources */,
				9A710A5028D33CF900D36F02 /* Frameworks */,
				9A710A5128D33CF900D36F02 /* Resources */,
			);
			buildRules = (
			);
			dependencies = (
			);
			name = DemoApp;
			productName = DemoApp;
			productReference = 9A710A5328D33CF900D36F02 /* DemoApp.app */;
			productType = "com.apple.product-type.application";
		};
		9A710A6B28D33CFB00D36F02 /* DemoAppTests */ = {
			isa = PBXNativeTarget;
			buildConfigurationList = 9A710A8328D33CFB00D36F02 /* Build configuration list for PBXNativeTarget "DemoAppTests" */;
			buildPhases = (
				9A710A6828D33CFB00D36F02 /* Sources */,
				9A710A6928D33CFB00D36F02 /* Frameworks */,
				9A710A6A28D33CFB00D36F02 /* Resources */,
			);
			buildRules = (
			);
			dependencies = (
				9A710A6E28D33CFB00D36F02 /* PBXTargetDependency */,
			);
			name = DemoAppTests;
			productName = DemoAppTests;
			productReference = 9A710A6C28D33CFB00D36F02 /* DemoAppTests.xctest */;
			productType = "com.apple.product-type.bundle.unit-test";
		};
		9A710A7528D33CFB00D36F02 /* DemoAppUITests */ = {
			isa = PBXNativeTarget;
			buildConfigurationList = 9A710A8628D33CFB00D36F02 /* Build configuration list for PBXNativeTarget "DemoAppUITests" */;
			buildPhases = (
				9A710A7228D33CFB00D36F02 /* Sources */,
				9A710A7328D33CFB00D36F02 /* Frameworks */,
				9A710A7428D33CFB00D36F02 /* Resources */,
			);
			buildRules = (
			);
			dependencies = (
				9A710A7828D33CFB00D36F02 /* PBXTargetDependency */,
			);
			name = DemoAppUITests;
			productName = DemoAppUITests;
			productReference = 9A710A7628D33CFB00D36F02 /* DemoAppUITests.xctest */;
			productType = "com.apple.product-type.bundle.ui-testing";
		};
/* End PBXNativeTarget section */

/* Begin PBXProject section */
		9A710A4B28D33CF900D36F02 /* Project object */ = {
			isa = PBXProject;
			attributes = {
				BuildIndependentTargetsInParallel = 1;
				LastSwiftUpdateCheck = 1330;
				LastUpgradeCheck = 1330;
				TargetAttributes = {
					9A710A5228D33CF900D36F02 = {
						CreatedOnToolsVersion = 13.3.1;
					};
					9A710A6B28D33CFB00D36F02 = {
						CreatedOnToolsVersion = 13.3.1;
						TestTargetID = 9A710A5228D33CF900D36F02;
					};
					9A710A7528D33CFB00D36F02 = {
						CreatedOnToolsVersion = 13.3.1;
						TestTargetID = 9A710A5228D33CF900D36F02;
					};
				};
			};
			buildConfigurationList = 9A710A4E28D33CF900D36F02 /* Build configuration list for PBXProject "DemoApp" */;
			compatibilityVersion = "Xcode 13.0";
			developmentRegion = en;
			hasScannedForEncodings = 0;
			knownRegions = (
				en,
				Base,
			);
			mainGroup = 9A710A4A28D33CF900D36F02;
			productRefGroup = 9A710A5428D33CF900D36F02 /* Products */;
			projectDirPath = "";
			projectRoot = "";
			targets = (
				9A710A5228D33CF900D36F02 /* DemoApp */,
				9A710A6B28D33CFB00D36F02 /* DemoAppTests */,
				9A710A7528D33CFB00D36F02 /* DemoAppUITests */,
			);
		};
/* End PBXProject section */

/* Begin PBXResourcesBuildPhase section */
		9A710A5128D33CF900D36F02 /* Resources */ = {
			isa = PBXResourcesBuildPhase;
			buildActionMask = 2147483647;
			files = (
				9A710A6628D33CFB00D36F02 /* LaunchScreen.storyboard in Resources */,
				9A710A6328D33CFB00D36F02 /* Assets.xcassets in Resources */,
				9A710A5E28D33CF900D36F02 /* Main.storyboard in Resources */,
			);
			runOnlyForDeploymentPostprocessing = 0;
		};
		9A710A6A28D33CFB00D36F02 /* Resources */ = {
			isa = PBXResourcesBuildPhase;
			buildActionMask = 2147483647;
			files = (
			);
			runOnlyForDeploymentPostprocessing = 0;
		};
		9A710A7428D33CFB00D36F02 /* Resources */ = {
			isa = PBXResourcesBuildPhase;
			buildActionMask = 2147483647;
			files = (
			);
			runOnlyForDeploymentPostprocessing = 0;
		};
/* End PBXResourcesBuildPhase section */

/* Begin PBXSourcesBuildPhase section */
		9A710A4F28D33CF900D36F02 /* Sources */ = {
			isa = PBXSourcesBuildPhase;
			buildActionMask = 2147483647;
			files = (
				9A710A5B28D33CF900D36F02 /* ViewController.swift in Sources */,
				9A710A5728D33CF900D36F02 /* AppDelegate.swift in Sources */,
				9A710A6128D33CF900D36F02 /* DemoApp.xcdatamodeld in Sources */,
				9A710A5928D33CF900D36F02 /* SceneDelegate.swift in Sources */,
			);
			runOnlyForDeploymentPostprocessing = 0;
		};
		9A710A6828D33CFB00D36F02 /* Sources */ = {
			isa = PBXSourcesBuildPhase;
			buildActionMask = 2147483647;
			files = (
				9A710A7128D33CFB00D36F02 /* DemoAppTests.swift in Sources */,
			);
			runOnlyForDeploymentPostprocessing = 0;
		};
		9A710A7228D33CFB00D36F02 /* Sources */ = {
			isa = PBXSourcesBuildPhase;
			buildActionMask = 2147483647;
			files = (
				9A710A7B28D33CFB00D36F02 /* DemoAppUITests.swift in Sources */,
				9A710A7D28D33CFB00D36F02 /* DemoAppUITestsLaunchTests.swift in Sources */,
			);
			runOnlyForDeploymentPostprocessing = 0;
		};
/* End PBXSourcesBuildPhase section */

/* Begin PBXTargetDependency section */
		9A710A6E28D33CFB00D36F02 /* PBXTargetDependency */ = {
			isa = PBXTargetDependency;
			target = 9A710A5228D33CF900D36F02 /* DemoApp */;
			targetProxy = 9A710A6D28D33CFB00D36F02 /* PBXContainerItemProxy */;
		};
		9A710A7828D33CFB00D36F02 /* PBXTargetDependency */ = {
			isa = PBXTargetDependency;
			target = 9A710A5228D33CF900D36F02 /* DemoApp */;
			targetProxy = 9A710A7728D33CFB00D36F02 /* PBXContainerItemProxy */;
		};
/* End PBXTargetDependency section */

/* Begin PBXVariantGroup section */
		9A710A5C28D33CF900D36F02 /* Main.storyboard */ = {
			isa = PBXVariantGroup;
			children = (
				9A710A5D28D33CF900D36F02 /* Base */,
			);
			name = Main.storyboard;
			sourceTree = "<group>";
		};
		9A710A6428D33CFB00D36F02 /* LaunchScreen.storyboard */ = {
			isa = PBXVariantGroup;
			children = (
				9A710A6528D33CFB00D36F02 /* Base */,
			);
			name = LaunchScreen.storyboard;
			sourceTree = "<group>";
		};
/* End PBXVariantGroup section */

/* Begin XCBuildConfiguration section */
		9A710A7E28D33CFB00D36F02 /* Debug */ = {
			isa = XCBuildConfiguration;
			buildSettings = {
				ALWAYS_SEARCH_USER_PATHS = NO;
				CLANG_ANALYZER_NONNULL = YES;
				CLANG_ANALYZER_NUMBER_OBJECT_CONVERSION = YES_AGGRESSIVE;
				CLANG_CXX_LANGUAGE_STANDARD = "gnu++17";
				CLANG_ENABLE_MODULES = YES;
				CLANG_ENABLE_OBJC_ARC = YES;
				CLANG_ENABLE_OBJC_WEAK = YES;
				CLANG_WARN_BLOCK_CAPTURE_AUTORELEASING = YES;
				CLANG_WARN_BOOL_CONVERSION = YES;
				CLANG_WARN_COMMA = YES;
				CLANG_WARN_CONSTANT_CONVERSION = YES;
				CLANG_WARN_DEPRECATED_OBJC_IMPLEMENTATIONS = YES;
				CLANG_WARN_DIRECT_OBJC_ISA_USAGE = YES_ERROR;
				CLANG_WARN_DOCUMENTATION_COMMENTS = YES;
				CLANG_WARN_EMPTY_BODY = YES;
				CLANG_WARN_ENUM_CONVERSION = YES;
				CLANG_WARN_INFINITE_RECURSION = YES;
				CLANG_WARN_INT_CONVERSION = YES;
				CLANG_WARN_NON_LITERAL_NULL_CONVERSION = YES;
				CLANG_WARN_OBJC_IMPLICIT_RETAIN_SELF = YES;
				CLANG_WARN_OBJC_LITERAL_CONVERSION = YES;
				CLANG_WARN_OBJC_ROOT_CLASS = YES_ERROR;
				CLANG_WARN_QUOTED_INCLUDE_IN_FRAMEWORK_HEADER = YES;
				CLANG_WARN_RANGE_LOOP_ANALYSIS = YES;
				CLANG_WARN_STRICT_PROTOTYPES = YES;
				CLANG_WARN_SUSPICIOUS_MOVE = YES;
				CLANG_WARN_UNGUARDED_AVAILABILITY = YES_AGGRESSIVE;
				CLANG_WARN_UNREACHABLE_CODE = YES;
				CLANG_WARN__DUPLICATE_METHOD_MATCH = YES;
				COPY_PHASE_STRIP = NO;
				DEBUG_INFORMATION_FORMAT = dwarf;
				ENABLE_STRICT_OBJC_MSGSEND = YES;
				ENABLE_TESTABILITY = YES;
				GCC_C_LANGUAGE_STANDARD = gnu11;
				GCC_DYNAMIC_NO_PIC = NO;
				GCC_NO_COMMON_BLOCKS = YES;
				GCC_OPTIMIZATION_LEVEL = 0;
				GCC_PREPROCESSOR_DEFINITIONS = (
					"DEBUG=1",
					"$(inherited)",
				);
				GCC_WARN_64_TO_32_BIT_CONVERSION = YES;
				GCC_WARN_ABOUT_RETURN_TYPE = YES_ERROR;
				GCC_WARN_UNDECLARED_SELECTOR = YES;
				GCC_WARN_UNINITIALIZED_AUTOS = YES_AGGRESSIVE;
				GCC_WARN_UNUSED_FUNCTION = YES;
				GCC_WARN_UNUSED_VARIABLE = YES;
				IPHONEOS_DEPLOYMENT_TARGET = 15.4;
				MTL_ENABLE_DEBUG_INFO = INCLUDE_SOURCE;
				MTL_FAST_MATH = YES;
				ONLY_ACTIVE_ARCH = YES;
				SDKROOT = iphoneos;
				SWIFT_ACTIVE_COMPILATION_CONDITIONS = DEBUG;
				SWIFT_OPTIMIZATION_LEVEL = "-Onone";
			};
			name = Debug;
		};
		9A710A7F28D33CFB00D36F02 /* Release */ = {
			isa = XCBuildConfiguration;
			buildSettings = {
				ALWAYS_SEARCH_USER_PATHS = NO;
				CLANG_ANALYZER_NONNULL = YES;
				CLANG_ANALYZER_NUMBER_OBJECT_CONVERSION = YES_AGGRESSIVE;
				CLANG_CXX_LANGUAGE_STANDARD = "gnu++17";
				CLANG_ENABLE_MODULES = YES;
				CLANG_ENABLE_OBJC_ARC = YES;
				CLANG_ENABLE_OBJC_WEAK = YES;
				CLANG_WARN_BLOCK_CAPTURE_AUTORELEASING = YES;
				CLANG_WARN_BOOL_CONVERSION = YES;
				CLANG_WARN_COMMA = YES;
				CLANG_WARN_CONSTANT_CONVERSION = YES;
				CLANG_WARN_DEPRECATED_OBJC_IMPLEMENTATIONS = YES;
				CLANG_WARN_DIRECT_OBJC_ISA_USAGE = YES_ERROR;
				CLANG_WARN_DOCUMENTATION_COMMENTS = YES;
				CLANG_WARN_EMPTY_BODY = YES;
				CLANG_WARN_ENUM_CONVERSION = YES;
				CLANG_WARN_INFINITE_RECURSION = YES;
				CLANG_WARN_INT_CONVERSION = YES;
				CLANG_WARN_NON_LITERAL_NULL_CONVERSION = YES;
				CLANG_WARN_OBJC_IMPLICIT_RETAIN_SELF = YES;
				CLANG_WARN_OBJC_LITERAL_CONVERSION = YES;
				CLANG_WARN_OBJC_ROOT_CLASS = YES_ERROR;
				CLANG_WARN_QUOTED_INCLUDE_IN_FRAMEWORK_HEADER = YES;
				CLANG_WARN_RANGE_LOOP_ANALYSIS = YES;
				CLANG_WARN_STRICT_PROTOTYPES = YES;
				CLANG_WARN_SUSPICIOUS_MOVE = YES;
				CLANG_WARN_UNGUARDED_AVAILABILITY = YES_AGGRESSIVE;
				CLANG_WARN_UNREACHABLE_CODE = YES;
				CLANG_WARN__DUPLICATE_METHOD_MATCH = YES;
				COPY_PHASE_STRIP = NO;
				DEBUG_INFORMATION_FORMAT = "dwarf-with-dsym";
				ENABLE_NS_ASSERTIONS = NO;
				ENABLE_STRICT_OBJC_MSGSEND = YES;
				GCC_C_LANGUAGE_STANDARD = gnu11;
				GCC_NO_COMMON_BLOCKS = YES;
				GCC_WARN_64_TO_32_BIT_CONVERSION = YES;
				GCC_WARN_ABOUT_RETURN_TYPE = YES_ERROR;
				GCC_WARN_UNDECLARED_SELECTOR = YES;
				GCC_WARN_UNINITIALIZED_AUTOS = YES_AGGRESSIVE;
				GCC_WARN_UNUSED_FUNCTION = YES;
				GCC_WARN_UNUSED_VARIABLE = YES;
				IPHONEOS_DEPLOYMENT_TARGET = 15.4;
				MTL_ENABLE_DEBUG_INFO = NO;
				MTL_FAST_MATH = YES;
				SDKROOT = iphoneos;
				SWIFT_COMPILATION_MODE = wholemodule;
				SWIFT_OPTIMIZATION_LEVEL = "-O";
				VALIDATE_PRODUCT = YES;
			};
			name = Release;
		};
		9A710A8128D33CFB00D36F02 /* Debug */ = {
			isa = XCBuildConfiguration;
			buildSettings = {
				ASSETCATALOG_COMPILER_APPICON_NAME = AppIcon;
				ASSETCATALOG_COMPILER_GLOBAL_ACCENT_COLOR_NAME = AccentColor;
				CODE_SIGN_STYLE = Automatic;
				CURRENT_PROJECT_VERSION = 1;
				GENERATE_INFOPLIST_FILE = YES;
				INFOPLIST_FILE = DemoApp/Info.plist;
				INFOPLIST_KEY_UIApplicationSupportsIndirectInputEvents = YES;
				INFOPLIST_KEY_UILaunchStoryboardName = LaunchScreen;
				INFOPLIST_KEY_UIMainStoryboardFile = Main;
				INFOPLIST_KEY_UISupportedInterfaceOrientations_iPad = "UIInterfaceOrientationPortrait UIInterfaceOrientationPortraitUpsideDown UIInterfaceOrientationLandscapeLeft UIInterfaceOrientationLandscapeRight";
				INFOPLIST_KEY_UISupportedInterfaceOrientations_iPhone = "UIInterfaceOrientationPortrait UIInterfaceOrientationLandscapeLeft UIInterfaceOrientationLandscapeRight";
				LD_RUNPATH_SEARCH_PATHS = (
					"$(inherited)",
					"@executable_path/Frameworks",
				);
				MARKETING_VERSION = 1.0;
				PRODUCT_BUNDLE_IDENTIFIER = demo.DemoApp;
				PRODUCT_NAME = "$(TARGET_NAME)";
				SWIFT_EMIT_LOC_STRINGS = YES;
				SWIFT_VERSION = 5.0;
				TARGETED_DEVICE_FAMILY = "1,2";
			};
			name = Debug;
		};
		9A710A8228D33CFB00D36F02 /* Release */ = {
			isa = XCBuildConfiguration;
			buildSettings = {
				ASSETCATALOG_COMPILER_APPICON_NAME = AppIcon;
				ASSETCATALOG_COMPILER_GLOBAL_ACCENT_COLOR_NAME = AccentColor;
				CODE_SIGN_STYLE = Automatic;
				CURRENT_PROJECT_VERSION = 1;
				GENERATE_INFOPLIST_FILE = YES;
				INFOPLIST_FILE = DemoApp/Info.plist;
				INFOPLIST_KEY_UIApplicationSupportsIndirectInputEvents = YES;
				INFOPLIST_KEY_UILaunchStoryboardName = LaunchScreen;
				INFOPLIST_KEY_UIMainStoryboardFile = Main;
				INFOPLIST_KEY_UISupportedInterfaceOrientations_iPad = "UIInterfaceOrientationPortrait UIInterfaceOrientationPortraitUpsideDown UIInterfaceOrientationLandscapeLeft UIInterfaceOrientationLandscapeRight";
				INFOPLIST_KEY_UISupportedInterfaceOrientations_iPhone = "UIInterfaceOrientationPortrait UIInterfaceOrientationLandscapeLeft UIInterfaceOrientationLandscapeRight";
				LD_RUNPATH_SEARCH_PATHS = (
					"$(inherited)",
					"@executable_path/Frameworks",
				);
				MARKETING_VERSION = 1.0;
				PRODUCT_BUNDLE_IDENTIFIER = demo.DemoApp;
				PRODUCT_NAME = "$(TARGET_NAME)";
				SWIFT_EMIT_LOC_STRINGS = YES;
				SWIFT_VERSION = 5.0;
				TARGETED_DEVICE_FAMILY = "1,2";
			};
			name = Release;
		};
		9A710A8428D33CFB00D36F02 /* Debug */ = {
			isa = XCBuildConfiguration;
			buildSettings = {
				ALWAYS_EMBED_SWIFT_STANDARD_LIBRARIES = YES;
				BUNDLE_LOADER = "$(TEST_HOST)";
				CODE_SIGN_STYLE = Automatic;
				CURRENT_PROJECT_VERSION = 1;
				GENERATE_INFOPLIST_FILE = YES;
				IPHONEOS_DEPLOYMENT_TARGET = 15.4;
				MARKETING_VERSION = 1.0;
				PRODUCT_BUNDLE_IDENTIFIER = demo.DemoAppTests;
				PRODUCT_NAME = "$(TARGET_NAME)";
				SWIFT_EMIT_LOC_STRINGS = NO;
				SWIFT_VERSION = 5.0;
				TARGETED_DEVICE_FAMILY = "1,2";
				TEST_HOST = "$(BUILT_PRODUCTS_DIR)/DemoApp.app/DemoApp";
			};
			name = Debug;
		};
		9A710A8528D33CFB00D36F02 /* Release */ = {
			isa = XCBuildConfiguration;
			buildSettings = {
				ALWAYS_EMBED_SWIFT_STANDARD_LIBRARIES = YES;
				BUNDLE_LOADER = "$(TEST_HOST)";
				CODE_SIGN_STYLE = Automatic;
				CURRENT_PROJECT_VERSION = 1;
				GENERATE_INFOPLIST_FILE = YES;
				IPHONEOS_DEPLOYMENT_TARGET = 15.4;
				MARKETING_VERSION = 1.0;
				PRODUCT_BUNDLE_IDENTIFIER = demo.DemoAppTests;
				PRODUCT_NAME = "$(TARGET_NAME)";
				SWIFT_EMIT_LOC_STRINGS = NO;
				SWIFT_VERSION = 5.0;
				TARGETED_DEVICE_FAMILY = "1,2";
				TEST_HOST = "$(BUILT_PRODUCTS_DIR)/DemoApp.app/DemoApp";
			};
			name = Release;
		};
		9A710A8728D33CFB00D36F02 /* Debug */ = {
			isa = XCBuildConfiguration;
			buildSettings = {
				ALWAYS_EMBED_SWIFT_STANDARD_LIBRARIES = YES;
				CODE_SIGN_STYLE = Automatic;
				CURRENT_PROJECT_VERSION = 1;
				GENERATE_INFOPLIST_FILE = YES;
				MARKETING_VERSION = 1.0;
				PRODUCT_BUNDLE_IDENTIFIER = demo.DemoAppUITests;
				PRODUCT_NAME = "$(TARGET_NAME)";
				SWIFT_EMIT_LOC_STRINGS = NO;
				SWIFT_VERSION = 5.0;
				TARGETED_DEVICE_FAMILY = "1,2";
				TEST_TARGET_NAME = DemoApp;
			};
			name = Debug;
		};
		9A710A8828D33CFB00D36F02 /* Release */ = {
			isa = XCBuildConfiguration;
			buildSettings = {
				ALWAYS_EMBED_SWIFT_STANDARD_LIBRARIES = YES;
				CODE_SIGN_STYLE = Automatic;
				CURRENT_PROJECT_VERSION = 1;
				GENERATE_INFOPLIST_FILE = YES;
				MARKETING_VERSION = 1.0;
				PRODUCT_BUNDLE_IDENTIFIER = demo.DemoAppUITests;
				PRODUCT_NAME = "$(TARGET_NAME)";
				SWIFT_EMIT_LOC_STRINGS = NO;
				SWIFT_VERSION = 5.0;
				TARGETED_DEVICE_FAMILY = "1,2";
				TEST_TARGET_NAME = DemoApp;
			};
			name = Release;
		};
/* End XCBuildConfiguration section */

/* Begin XCConfigurationList section */
		9A710A4E28D33CF900D36F02 /* Build configuration list for PBXProject "DemoApp" */ = {
			isa = XCConfigurationList;
			buildConfigurations = (
				9A710A7E28D33CFB00D36F02 /* Debug */,
				9A710A7F28D33CFB00D36F02 /* Release */,
			);
			defaultConfigurationIsVisible = 0;
			defaultConfigurationName = Release;
		};
		9A710A8028D33CFB00D36F02 /* Build configuration list for PBXNativeTarget "DemoApp" */ = {
			isa = XCConfigurationList;
			buildConfigurations = (
				9A710A8128D33CFB00D36F02 /* Debug */,
				9A710A8228D33CFB00D36F02 /* Release */,
			);
			defaultConfigurationIsVisible = 0;
			defaultConfigurationName = Release;
		};
		9A710A8328D33CFB00D36F02 /* Build configuration list for PBXNativeTarget "DemoAppTests" */ = {
			isa = XCConfigurationList;
			buildConfigurations = (
				9A710A8428D33CFB00D36F02 /* Debug */,
				9A710A8528D33CFB00D36F02 /* Release */,
			);
			defaultConfigurationIsVisible = 0;
			defaultConfigurationName = Release;
		};
		9A710A8628D33CFB00D36F02 /* Build configuration list for PBXNativeTarget "DemoAppUITests" */ = {
			isa = XCConfigurationList;
			buildConfigurations = (
				9A710A8728D33CFB00D36F02 /* Debug */,
				9A710A8828D33CFB00D36F02 /* Release */,
			);
			defaultConfigurationIsVisible = 0;
			defaultConfigurationName = Release;
		};
/* End XCConfigurationList section */

/* Begin XCVersionGroup section */
		9A710A5F28D33CF900D36F02 /* DemoApp.xcdatamodeld */ = {
			isa = XCVersionGroup;
			children = (
				9A710A6028D33CF900D36F02 /* DemoApp.xcdatamodel */,
			);
			currentVersion = 9A710A6028D33CF900D36F02 /* DemoApp.xcdatamodel */;
			path = DemoApp.xcdatamodeld;
			sourceTree = "<group>";
			versionGroupType = wrapper.xcdatamodel;
		};
/* End XCVersionGroup section */
	};
	rootObject = 9A710A4B28D33CF900D36F02 /* Project object */;
}
